
Microsoft Visual Studio Solution File, Format Version 12.00
# Visual Studio Version 17
VisualStudioVersion = 17.3.32901.215
MinimumVisualStudioVersion = 10.0.40219.1
Project("{FAE04EC0-301F-11D3-BF4B-00C04F79EFBC}") = "Football", "Football\Football.csproj", "{CD3579A6-1CEF-43D5-B9A4-7146ABBB94B3}"
EndProject
Project("{FAE04EC0-301F-11D3-BF4B-00C04F79EFBC}") = "StringFootballTest", "StringFootballTest\StringFootballTest.csproj", "{83B740C0-B3BE-4D21-89D6-1EAD04BD155A}"
EndProject
Global
	GlobalSection(SolutionConfigurationPlatforms) = preSolution
		Debug|Any CPU = Debug|Any CPU
		Release|Any CPU = Release|Any CPU
	EndGlobalSection
	GlobalSection(ProjectConfigurationPlatforms) = postSolution
		{CD3579A6-1CEF-43D5-B9A4-7146ABBB94B3}.Debug|Any CPU.ActiveCfg = Debug|Any CPU
		{CD3579A6-1CEF-43D5-B9A4-7146ABBB94B3}.Debug|Any CPU.Build.0 = Debug|Any CPU
		{CD3579A6-1CEF-43D5-B9A4-7146ABBB94B3}.Release|Any CPU.ActiveCfg = Release|Any CPU
		{CD3579A6-1CEF-43D5-B9A4-7146ABBB94B3}.Release|Any CPU.Build.0 = Release|Any CPU
		{83B740C0-B3BE-4D21-89D6-1EAD04BD155A}.Debug|Any CPU.ActiveCfg = Debug|Any CPU
		{83B740C0-B3BE-4D21-89D6-1EAD04BD155A}.Debug|Any CPU.Build.0 = Debug|Any CPU
		{83B740C0-B3BE-4D21-89D6-1EAD04BD155A}.Release|Any CPU.ActiveCfg = Release|Any CPU
		{83B740C0-B3BE-4D21-89D6-1EAD04BD155A}.Release|Any CPU.Build.0 = Release|Any CPU
	EndGlobalSection
	GlobalSection(SolutionProperties) = preSolution
		HideSolutionNode = FALSE
	EndGlobalSection
	GlobalSection(ExtensibilityGlobals) = postSolution
		SolutionGuid = {633D24AC-CA59-42E8-973B-FA9BC83D7011}
	EndGlobalSection
EndGlobal
